
Microsoft Visual Studio Solution File, Format Version 12.00
# Visual Studio Version 17
VisualStudioVersion = 17.0.32112.339
MinimumVisualStudioVersion = 10.0.40219.1
Project("{FAE04EC0-301F-11D3-BF4B-00C04F79EFBC}") = "ConsoleApp1", "ConsoleApp1\ConsoleApp1.csproj", "{478AD5EF-2932-4A5B-92B2-B29144648303}"
EndProject
Project("{FAE04EC0-301F-11D3-BF4B-00C04F79EFBC}") = "ConsoleApp2", "ConsoleApp2\ConsoleApp2.csproj", "{2651319F-131E-4521-B088-5A9D29C54849}"
EndProject
Global
	GlobalSection(SolutionConfigurationPlatforms) = preSolution
		Debug|Any CPU = Debug|Any CPU
		Release|Any CPU = Release|Any CPU
	EndGlobalSection
	GlobalSection(ProjectConfigurationPlatforms) = postSolution
		{478AD5EF-2932-4A5B-92B2-B29144648303}.Debug|Any CPU.ActiveCfg = Debug|Any CPU
		{478AD5EF-2932-4A5B-92B2-B29144648303}.Debug|Any CPU.Build.0 = Debug|Any CPU
		{478AD5EF-2932-4A5B-92B2-B29144648303}.Release|Any CPU.ActiveCfg = Release|Any CPU
		{478AD5EF-2932-4A5B-92B2-B29144648303}.Release|Any CPU.Build.0 = Release|Any CPU
		{2651319F-131E-4521-B088-5A9D29C54849}.Debug|Any CPU.ActiveCfg = Debug|Any CPU
		{2651319F-131E-4521-B088-5A9D29C54849}.Debug|Any CPU.Build.0 = Debug|Any CPU
		{2651319F-131E-4521-B088-5A9D29C54849}.Release|Any CPU.ActiveCfg = Release|Any CPU
		{2651319F-131E-4521-B088-5A9D29C54849}.Release|Any CPU.Build.0 = Release|Any CPU
	EndGlobalSection
	GlobalSection(SolutionProperties) = preSolution
		HideSolutionNode = FALSE
	EndGlobalSection
	GlobalSection(ExtensibilityGlobals) = postSolution
		SolutionGuid = {5C095790-26EC-42ED-8BD3-017D612A3EA3}
	EndGlobalSection
EndGlobal
