
Microsoft Visual Studio Solution File, Format Version 12.00
# Visual Studio Version 16
VisualStudioVersion = 16.0.30413.136
MinimumVisualStudioVersion = 10.0.40219.1
Project("{FAE04EC0-301F-11D3-BF4B-00C04F79EFBC}") = "U3_14", "U3_14\U3_14.csproj", "{C5A668CE-905F-4721-BF1E-05DEC34C1160}"
EndProject
Global
	GlobalSection(SolutionConfigurationPlatforms) = preSolution
		Debug|Any CPU = Debug|Any CPU
		Release|Any CPU = Release|Any CPU
	EndGlobalSection
	GlobalSection(ProjectConfigurationPlatforms) = postSolution
		{C5A668CE-905F-4721-BF1E-05DEC34C1160}.Debug|Any CPU.ActiveCfg = Debug|Any CPU
		{C5A668CE-905F-4721-BF1E-05DEC34C1160}.Debug|Any CPU.Build.0 = Debug|Any CPU
		{C5A668CE-905F-4721-BF1E-05DEC34C1160}.Release|Any CPU.ActiveCfg = Release|Any CPU
		{C5A668CE-905F-4721-BF1E-05DEC34C1160}.Release|Any CPU.Build.0 = Release|Any CPU
	EndGlobalSection
	GlobalSection(SolutionProperties) = preSolution
		HideSolutionNode = FALSE
	EndGlobalSection
	GlobalSection(ExtensibilityGlobals) = postSolution
		SolutionGuid = {02446A25-7D72-4830-A5E1-DF26B00EDFD3}
	EndGlobalSection
EndGlobal
