
Microsoft Visual Studio Solution File, Format Version 12.00
# Visual Studio Version 16
VisualStudioVersion = 16.0.31205.134
MinimumVisualStudioVersion = 10.0.40219.1
Project("{FAE04EC0-301F-11D3-BF4B-00C04F79EFBC}") = "Serveris", "Serveris.csproj", "{1B582A73-7B15-4387-8780-9BE16008B015}"
EndProject
Global
	GlobalSection(SolutionConfigurationPlatforms) = preSolution
		Debug|Any CPU = Debug|Any CPU
		Release|Any CPU = Release|Any CPU
	EndGlobalSection
	GlobalSection(ProjectConfigurationPlatforms) = postSolution
		{1B582A73-7B15-4387-8780-9BE16008B015}.Debug|Any CPU.ActiveCfg = Debug|Any CPU
		{1B582A73-7B15-4387-8780-9BE16008B015}.Debug|Any CPU.Build.0 = Debug|Any CPU
		{1B582A73-7B15-4387-8780-9BE16008B015}.Release|Any CPU.ActiveCfg = Release|Any CPU
		{1B582A73-7B15-4387-8780-9BE16008B015}.Release|Any CPU.Build.0 = Release|Any CPU
	EndGlobalSection
	GlobalSection(SolutionProperties) = preSolution
		HideSolutionNode = FALSE
	EndGlobalSection
	GlobalSection(ExtensibilityGlobals) = postSolution
		SolutionGuid = {F0FC122A-D2E8-40CE-947A-366EB6D9048B}
	EndGlobalSection
EndGlobal
